
Microsoft Visual Studio Solution File, Format Version 12.00
# Visual Studio Version 17
VisualStudioVersion = 17.11.35208.52
MinimumVisualStudioVersion = 10.0.40219.1
Project("{FAE04EC0-301F-11D3-BF4B-00C04F79EFBC}") = "TermProject", "TermProject.csproj", "{EB9C1320-5DA1-4C96-A593-893445CED265}"
EndProject
Global
	GlobalSection(SolutionConfigurationPlatforms) = preSolution
		Debug|Any CPU = Debug|Any CPU
		Release|Any CPU = Release|Any CPU
	EndGlobalSection
	GlobalSection(ProjectConfigurationPlatforms) = postSolution
		{EB9C1320-5DA1-4C96-A593-893445CED265}.Debug|Any CPU.ActiveCfg = Debug|Any CPU
		{EB9C1320-5DA1-4C96-A593-893445CED265}.Debug|Any CPU.Build.0 = Debug|Any CPU
		{EB9C1320-5DA1-4C96-A593-893445CED265}.Release|Any CPU.ActiveCfg = Release|Any CPU
		{EB9C1320-5DA1-4C96-A593-893445CED265}.Release|Any CPU.Build.0 = Release|Any CPU
	EndGlobalSection
	GlobalSection(SolutionProperties) = preSolution
		HideSolutionNode = FALSE
	EndGlobalSection
	GlobalSection(ExtensibilityGlobals) = postSolution
		SolutionGuid = {80D45886-55D8-4AD4-AD89-8087B5DA4140}
	EndGlobalSection
EndGlobal
